
Microsoft Visual Studio Solution File, Format Version 12.00
# Visual Studio Version 17
VisualStudioVersion = 17.1.32328.378
MinimumVisualStudioVersion = 10.0.40219.1
Project("{8BC9CEB8-8B4A-11D0-8D11-00A0C91BC942}") = "Pokemon", "Pokemon.vcxproj", "{EABC12CA-2925-449D-9760-E9B221EF5ADC}"
EndProject
Global
	GlobalSection(SolutionConfigurationPlatforms) = preSolution
		Debug|x64 = Debug|x64
		Debug|x86 = Debug|x86
		Release|x64 = Release|x64
		Release|x86 = Release|x86
	EndGlobalSection
	GlobalSection(ProjectConfigurationPlatforms) = postSolution
		{EABC12CA-2925-449D-9760-E9B221EF5ADC}.Debug|x64.ActiveCfg = Debug|x64
		{EABC12CA-2925-449D-9760-E9B221EF5ADC}.Debug|x64.Build.0 = Debug|x64
		{EABC12CA-2925-449D-9760-E9B221EF5ADC}.Debug|x86.ActiveCfg = Debug|Win32
		{EABC12CA-2925-449D-9760-E9B221EF5ADC}.Debug|x86.Build.0 = Debug|Win32
		{EABC12CA-2925-449D-9760-E9B221EF5ADC}.Release|x64.ActiveCfg = Release|x64
		{EABC12CA-2925-449D-9760-E9B221EF5ADC}.Release|x64.Build.0 = Release|x64
		{EABC12CA-2925-449D-9760-E9B221EF5ADC}.Release|x86.ActiveCfg = Release|Win32
		{EABC12CA-2925-449D-9760-E9B221EF5ADC}.Release|x86.Build.0 = Release|Win32
	EndGlobalSection
	GlobalSection(SolutionProperties) = preSolution
		HideSolutionNode = FALSE
	EndGlobalSection
	GlobalSection(ExtensibilityGlobals) = postSolution
		SolutionGuid = {65DF2172-D4E5-484C-996E-F9A729358389}
	EndGlobalSection
EndGlobal
